
Microsoft Visual Studio Solution File, Format Version 12.00
# Visual Studio Version 16
VisualStudioVersion = 16.0.29728.190
MinimumVisualStudioVersion = 10.0.40219.1
Project("{8BC9CEB8-8B4A-11D0-8D11-00A0C91BC942}") = "List", "List\List.vcxproj", "{EB312E14-EFD8-4C78-BB4F-0829112187DF}"
EndProject
Global
	GlobalSection(SolutionConfigurationPlatforms) = preSolution
		Debug|x64 = Debug|x64
		Debug|x86 = Debug|x86
		Release|x64 = Release|x64
		Release|x86 = Release|x86
	EndGlobalSection
	GlobalSection(ProjectConfigurationPlatforms) = postSolution
		{EB312E14-EFD8-4C78-BB4F-0829112187DF}.Debug|x64.ActiveCfg = Debug|x64
		{EB312E14-EFD8-4C78-BB4F-0829112187DF}.Debug|x64.Build.0 = Debug|x64
		{EB312E14-EFD8-4C78-BB4F-0829112187DF}.Debug|x86.ActiveCfg = Debug|Win32
		{EB312E14-EFD8-4C78-BB4F-0829112187DF}.Debug|x86.Build.0 = Debug|Win32
		{EB312E14-EFD8-4C78-BB4F-0829112187DF}.Release|x64.ActiveCfg = Release|x64
		{EB312E14-EFD8-4C78-BB4F-0829112187DF}.Release|x64.Build.0 = Release|x64
		{EB312E14-EFD8-4C78-BB4F-0829112187DF}.Release|x86.ActiveCfg = Release|Win32
		{EB312E14-EFD8-4C78-BB4F-0829112187DF}.Release|x86.Build.0 = Release|Win32
	EndGlobalSection
	GlobalSection(SolutionProperties) = preSolution
		HideSolutionNode = FALSE
	EndGlobalSection
	GlobalSection(ExtensibilityGlobals) = postSolution
		SolutionGuid = {78231E76-C0C2-4588-BF22-33FEABEF5152}
	EndGlobalSection
EndGlobal
